
Microsoft Visual Studio Solution File, Format Version 12.00
# Visual Studio Version 17
VisualStudioVersion = 17.4.33403.182
MinimumVisualStudioVersion = 10.0.40219.1
Project("{FAE04EC0-301F-11D3-BF4B-00C04F79EFBC}") = "KurumsalWebProje", "KurumsalWebProje\KurumsalWebProje.csproj", "{013CF0A1-F1D7-498E-92B7-F4966F98639C}"
EndProject
Global
	GlobalSection(SolutionConfigurationPlatforms) = preSolution
		Debug|Any CPU = Debug|Any CPU
		Release|Any CPU = Release|Any CPU
	EndGlobalSection
	GlobalSection(ProjectConfigurationPlatforms) = postSolution
		{013CF0A1-F1D7-498E-92B7-F4966F98639C}.Debug|Any CPU.ActiveCfg = Debug|Any CPU
		{013CF0A1-F1D7-498E-92B7-F4966F98639C}.Debug|Any CPU.Build.0 = Debug|Any CPU
		{013CF0A1-F1D7-498E-92B7-F4966F98639C}.Release|Any CPU.ActiveCfg = Release|Any CPU
		{013CF0A1-F1D7-498E-92B7-F4966F98639C}.Release|Any CPU.Build.0 = Release|Any CPU
	EndGlobalSection
	GlobalSection(SolutionProperties) = preSolution
		HideSolutionNode = FALSE
	EndGlobalSection
	GlobalSection(ExtensibilityGlobals) = postSolution
		SolutionGuid = {815E354A-77ED-401F-B395-6E37D77A8F64}
	EndGlobalSection
EndGlobal
